// !$*UTF8*$!
{
	archiveVersion = 1;
	classes = {
	};
	objectVersion = 56;
	objects = {

/* Begin PBXBuildFile section */
		68EA9AEB2B260EB7004829A0 /* AppDelegate.swift in Sources */ = {isa = PBXBuildFile; fileRef = 68EA9AEA2B260EB7004829A0 /* AppDelegate.swift */; };
		68EA9AED2B260EB7004829A0 /* SceneDelegate.swift in Sources */ = {isa = PBXBuildFile; fileRef = 68EA9AEC2B260EB7004829A0 /* SceneDelegate.swift */; };
		68EA9AEF2B260EB7004829A0 /* ViewController.swift in Sources */ = {isa = PBXBuildFile; fileRef = 68EA9AEE2B260EB7004829A0 /* ViewController.swift */; };
		68EA9AF22B260EB7004829A0 /* Main.storyboard in Resources */ = {isa = PBXBuildFile; fileRef = 68EA9AF02B260EB7004829A0 /* Main.storyboard */; };
		68EA9AF42B260EBA004829A0 /* Assets.xcassets in Resources */ = {isa = PBXBuildFile; fileRef = 68EA9AF32B260EBA004829A0 /* Assets.xcassets */; };
		68EA9AF72B260EBA004829A0 /* LaunchScreen.storyboard in Resources */ = {isa = PBXBuildFile; fileRef = 68EA9AF52B260EBA004829A0 /* LaunchScreen.storyboard */; };
		68EA9B022B260EBB004829A0 /* sampleGitLabTests.swift in Sources */ = {isa = PBXBuildFile; fileRef = 68EA9B012B260EBB004829A0 /* sampleGitLabTests.swift */; };
		68EA9B0C2B260EBB004829A0 /* sampleGitLabUITests.swift in Sources */ = {isa = PBXBuildFile; fileRef = 68EA9B0B2B260EBB004829A0 /* sampleGitLabUITests.swift */; };
		68EA9B0E2B260EBB004829A0 /* sampleGitLabUITestsLaunchTests.swift in Sources */ = {isa = PBXBuildFile; fileRef = 68EA9B0D2B260EBB004829A0 /* sampleGitLabUITestsLaunchTests.swift */; };
/* End PBXBuildFile section */

/* Begin PBXContainerItemProxy section */
		68EA9AFE2B260EBB004829A0 /* PBXContainerItemProxy */ = {
			isa = PBXContainerItemProxy;
			containerPortal = 68EA9ADF2B260EB7004829A0 /* Project object */;
			proxyType = 1;
			remoteGlobalIDString = 68EA9AE62B260EB7004829A0;
			remoteInfo = sampleGitLab;
		};
		68EA9B082B260EBB004829A0 /* PBXContainerItemProxy */ = {
			isa = PBXContainerItemProxy;
			containerPortal = 68EA9ADF2B260EB7004829A0 /* Project object */;
			proxyType = 1;
			remoteGlobalIDString = 68EA9AE62B260EB7004829A0;
			remoteInfo = sampleGitLab;
		};
/* End PBXContainerItemProxy section */

/* Begin PBXFileReference section */
		68EA9AE72B260EB7004829A0 /* sampleGitLab.app */ = {isa = PBXFileReference; explicitFileType = wrapper.application; includeInIndex = 0; path = sampleGitLab.app; sourceTree = BUILT_PRODUCTS_DIR; };
		68EA9AEA2B260EB7004829A0 /* AppDelegate.swift */ = {isa = PBXFileReference; lastKnownFileType = sourcecode.swift; path = AppDelegate.swift; sourceTree = "<group>"; };
		68EA9AEC2B260EB7004829A0 /* SceneDelegate.swift */ = {isa = PBXFileReference; lastKnownFileType = sourcecode.swift; path = SceneDelegate.swift; sourceTree = "<group>"; };
		68EA9AEE2B260EB7004829A0 /* ViewController.swift */ = {isa = PBXFileReference; lastKnownFileType = sourcecode.swift; path = ViewController.swift; sourceTree = "<group>"; };
		68EA9AF12B260EB7004829A0 /* Base */ = {isa = PBXFileReference; lastKnownFileType = file.storyboard; name = Base; path = Base.lproj/Main.storyboard; sourceTree = "<group>"; };
		68EA9AF32B260EBA004829A0 /* Assets.xcassets */ = {isa = PBXFileReference; lastKnownFileType = folder.assetcatalog; path = Assets.xcassets; sourceTree = "<group>"; };
		68EA9AF62B260EBA004829A0 /* Base */ = {isa = PBXFileReference; lastKnownFileType = file.storyboard; name = Base; path = Base.lproj/LaunchScreen.storyboard; sourceTree = "<group>"; };
		68EA9AF82B260EBA004829A0 /* Info.plist */ = {isa = PBXFileReference; lastKnownFileType = text.plist.xml; path = Info.plist; sourceTree = "<group>"; };
		68EA9AFD2B260EBB004829A0 /* sampleGitLabTests.xctest */ = {isa = PBXFileReference; explicitFileType = wrapper.cfbundle; includeInIndex = 0; path = sampleGitLabTests.xctest; sourceTree = BUILT_PRODUCTS_DIR; };
		68EA9B012B260EBB004829A0 /* sampleGitLabTests.swift */ = {isa = PBXFileReference; lastKnownFileType = sourcecode.swift; path = sampleGitLabTests.swift; sourceTree = "<group>"; };
		68EA9B072B260EBB004829A0 /* sampleGitLabUITests.xctest */ = {isa = PBXFileReference; explicitFileType = wrapper.cfbundle; includeInIndex = 0; path = sampleGitLabUITests.xctest; sourceTree = BUILT_PRODUCTS_DIR; };
		68EA9B0B2B260EBB004829A0 /* sampleGitLabUITests.swift */ = {isa = PBXFileReference; lastKnownFileType = sourcecode.swift; path = sampleGitLabUITests.swift; sourceTree = "<group>"; };
		68EA9B0D2B260EBB004829A0 /* sampleGitLabUITestsLaunchTests.swift */ = {isa = PBXFileReference; lastKnownFileType = sourcecode.swift; path = sampleGitLabUITestsLaunchTests.swift; sourceTree = "<group>"; };
/* End PBXFileReference section */

/* Begin PBXFrameworksBuildPhase section */
		68EA9AE42B260EB7004829A0 /* Frameworks */ = {
			isa = PBXFrameworksBuildPhase;
			buildActionMask = 2147483647;
			files = (
			);
			runOnlyForDeploymentPostprocessing = 0;
		};
		68EA9AFA2B260EBB004829A0 /* Frameworks */ = {
			isa = PBXFrameworksBuildPhase;
			buildActionMask = 2147483647;
			files = (
			);
			runOnlyForDeploymentPostprocessing = 0;
		};
		68EA9B042B260EBB004829A0 /* Frameworks */ = {
			isa = PBXFrameworksBuildPhase;
			buildActionMask = 2147483647;
			files = (
			);
			runOnlyForDeploymentPostprocessing = 0;
		};
/* End PBXFrameworksBuildPhase section */

/* Begin PBXGroup section */
		68EA9ADE2B260EB7004829A0 = {
			isa = PBXGroup;
			children = (
				68EA9AE92B260EB7004829A0 /* sampleGitLab */,
				68EA9B002B260EBB004829A0 /* sampleGitLabTests */,
				68EA9B0A2B260EBB004829A0 /* sampleGitLabUITests */,
				68EA9AE82B260EB7004829A0 /* Products */,
			);
			sourceTree = "<group>";
		};
		68EA9AE82B260EB7004829A0 /* Products */ = {
			isa = PBXGroup;
			children = (
				68EA9AE72B260EB7004829A0 /* sampleGitLab.app */,
				68EA9AFD2B260EBB004829A0 /* sampleGitLabTests.xctest */,
				68EA9B072B260EBB004829A0 /* sampleGitLabUITests.xctest */,
			);
			name = Products;
			sourceTree = "<group>";
		};
		68EA9AE92B260EB7004829A0 /* sampleGitLab */ = {
			isa = PBXGroup;
			children = (
				68EA9AEA2B260EB7004829A0 /* AppDelegate.swift */,
				68EA9AEC2B260EB7004829A0 /* SceneDelegate.swift */,
				68EA9AEE2B260EB7004829A0 /* ViewController.swift */,
				68EA9AF02B260EB7004829A0 /* Main.storyboard */,
				68EA9AF32B260EBA004829A0 /* Assets.xcassets */,
				68EA9AF52B260EBA004829A0 /* LaunchScreen.storyboard */,
				68EA9AF82B260EBA004829A0 /* Info.plist */,
			);
			path = sampleGitLab;
			sourceTree = "<group>";
		};
		68EA9B002B260EBB004829A0 /* sampleGitLabTests */ = {
			isa = PBXGroup;
			children = (
				68EA9B012B260EBB004829A0 /* sampleGitLabTests.swift */,
			);
			path = sampleGitLabTests;
			sourceTree = "<group>";
		};
		68EA9B0A2B260EBB004829A0 /* sampleGitLabUITests */ = {
			isa = PBXGroup;
			children = (
				68EA9B0B2B260EBB004829A0 /* sampleGitLabUITests.swift */,
				68EA9B0D2B260EBB004829A0 /* sampleGitLabUITestsLaunchTests.swift */,
			);
			path = sampleGitLabUITests;
			sourceTree = "<group>";
		};
/* End PBXGroup section */

/* Begin PBXNativeTarget section */
		68EA9AE62B260EB7004829A0 /* sampleGitLab */ = {
			isa = PBXNativeTarget;
			buildConfigurationList = 68EA9B112B260EBB004829A0 /* Build configuration list for PBXNativeTarget "sampleGitLab" */;
			buildPhases = (
				68EA9AE32B260EB7004829A0 /* Sources */,
				68EA9AE42B260EB7004829A0 /* Frameworks */,
				68EA9AE52B260EB7004829A0 /* Resources */,
			);
			buildRules = (
			);
			dependencies = (
			);
			name = sampleGitLab;
			productName = sampleGitLab;
			productReference = 68EA9AE72B260EB7004829A0 /* sampleGitLab.app */;
			productType = "com.apple.product-type.application";
		};
		68EA9AFC2B260EBB004829A0 /* sampleGitLabTests */ = {
			isa = PBXNativeTarget;
			buildConfigurationList = 68EA9B142B260EBB004829A0 /* Build configuration list for PBXNativeTarget "sampleGitLabTests" */;
			buildPhases = (
				68EA9AF92B260EBB004829A0 /* Sources */,
				68EA9AFA2B260EBB004829A0 /* Frameworks */,
				68EA9AFB2B260EBB004829A0 /* Resources */,
			);
			buildRules = (
			);
			dependencies = (
				68EA9AFF2B260EBB004829A0 /* PBXTargetDependency */,
			);
			name = sampleGitLabTests;
			productName = sampleGitLabTests;
			productReference = 68EA9AFD2B260EBB004829A0 /* sampleGitLabTests.xctest */;
			productType = "com.apple.product-type.bundle.unit-test";
		};
		68EA9B062B260EBB004829A0 /* sampleGitLabUITests */ = {
			isa = PBXNativeTarget;
			buildConfigurationList = 68EA9B172B260EBB004829A0 /* Build configuration list for PBXNativeTarget "sampleGitLabUITests" */;
			buildPhases = (
				68EA9B032B260EBB004829A0 /* Sources */,
				68EA9B042B260EBB004829A0 /* Frameworks */,
				68EA9B052B260EBB004829A0 /* Resources */,
			);
			buildRules = (
			);
			dependencies = (
				68EA9B092B260EBB004829A0 /* PBXTargetDependency */,
			);
			name = sampleGitLabUITests;
			productName = sampleGitLabUITests;
			productReference = 68EA9B072B260EBB004829A0 /* sampleGitLabUITests.xctest */;
			productType = "com.apple.product-type.bundle.ui-testing";
		};
/* End PBXNativeTarget section */

/* Begin PBXProject section */
		68EA9ADF2B260EB7004829A0 /* Project object */ = {
			isa = PBXProject;
			attributes = {
				BuildIndependentTargetsInParallel = 1;
				LastSwiftUpdateCheck = 1500;
				LastUpgradeCheck = 1500;
				TargetAttributes = {
					68EA9AE62B260EB7004829A0 = {
						CreatedOnToolsVersion = 15.0.1;
					};
					68EA9AFC2B260EBB004829A0 = {
						CreatedOnToolsVersion = 15.0.1;
						TestTargetID = 68EA9AE62B260EB7004829A0;
					};
					68EA9B062B260EBB004829A0 = {
						CreatedOnToolsVersion = 15.0.1;
						TestTargetID = 68EA9AE62B260EB7004829A0;
					};
				};
			};
			buildConfigurationList = 68EA9AE22B260EB7004829A0 /* Build configuration list for PBXProject "sampleGitLab" */;
			compatibilityVersion = "Xcode 14.0";
			developmentRegion = en;
			hasScannedForEncodings = 0;
			knownRegions = (
				en,
				Base,
			);
			mainGroup = 68EA9ADE2B260EB7004829A0;
			productRefGroup = 68EA9AE82B260EB7004829A0 /* Products */;
			projectDirPath = "";
			projectRoot = "";
			targets = (
				68EA9AE62B260EB7004829A0 /* sampleGitLab */,
				68EA9AFC2B260EBB004829A0 /* sampleGitLabTests */,
				68EA9B062B260EBB004829A0 /* sampleGitLabUITests */,
			);
		};
/* End PBXProject section */

/* Begin PBXResourcesBuildPhase section */
		68EA9AE52B260EB7004829A0 /* Resources */ = {
			isa = PBXResourcesBuildPhase;
			buildActionMask = 2147483647;
			files = (
				68EA9AF72B260EBA004829A0 /* LaunchScreen.storyboard in Resources */,
				68EA9AF42B260EBA004829A0 /* Assets.xcassets in Resources */,
				68EA9AF22B260EB7004829A0 /* Main.storyboard in Resources */,
			);
			runOnlyForDeploymentPostprocessing = 0;
		};
		68EA9AFB2B260EBB004829A0 /* Resources */ = {
			isa = PBXResourcesBuildPhase;
			buildActionMask = 2147483647;
			files = (
			);
			runOnlyForDeploymentPostprocessing = 0;
		};
		68EA9B052B260EBB004829A0 /* Resources */ = {
			isa = PBXResourcesBuildPhase;
			buildActionMask = 2147483647;
			files = (
			);
			runOnlyForDeploymentPostprocessing = 0;
		};
/* End PBXResourcesBuildPhase section */

/* Begin PBXSourcesBuildPhase section */
		68EA9AE32B260EB7004829A0 /* Sources */ = {
			isa = PBXSourcesBuildPhase;
			buildActionMask = 2147483647;
			files = (
				68EA9AEF2B260EB7004829A0 /* ViewController.swift in Sources */,
				68EA9AEB2B260EB7004829A0 /* AppDelegate.swift in Sources */,
				68EA9AED2B260EB7004829A0 /* SceneDelegate.swift in Sources */,
			);
			runOnlyForDeploymentPostprocessing = 0;
		};
		68EA9AF92B260EBB004829A0 /* Sources */ = {
			isa = PBXSourcesBuildPhase;
			buildActionMask = 2147483647;
			files = (
				68EA9B022B260EBB004829A0 /* sampleGitLabTests.swift in Sources */,
			);
			runOnlyForDeploymentPostprocessing = 0;
		};
		68EA9B032B260EBB004829A0 /* Sources */ = {
			isa = PBXSourcesBuildPhase;
			buildActionMask = 2147483647;
			files = (
				68EA9B0C2B260EBB004829A0 /* sampleGitLabUITests.swift in Sources */,
				68EA9B0E2B260EBB004829A0 /* sampleGitLabUITestsLaunchTests.swift in Sources */,
			);
			runOnlyForDeploymentPostprocessing = 0;
		};
/* End PBXSourcesBuildPhase section */

/* Begin PBXTargetDependency section */
		68EA9AFF2B260EBB004829A0 /* PBXTargetDependency */ = {
			isa = PBXTargetDependency;
			target = 68EA9AE62B260EB7004829A0 /* sampleGitLab */;
			targetProxy = 68EA9AFE2B260EBB004829A0 /* PBXContainerItemProxy */;
		};
		68EA9B092B260EBB004829A0 /* PBXTargetDependency */ = {
			isa = PBXTargetDependency;
			target = 68EA9AE62B260EB7004829A0 /* sampleGitLab */;
			targetProxy = 68EA9B082B260EBB004829A0 /* PBXContainerItemProxy */;
		};
/* End PBXTargetDependency section */

/* Begin PBXVariantGroup section */
		68EA9AF02B260EB7004829A0 /* Main.storyboard */ = {
			isa = PBXVariantGroup;
			children = (
				68EA9AF12B260EB7004829A0 /* Base */,
			);
			name = Main.storyboard;
			sourceTree = "<group>";
		};
		68EA9AF52B260EBA004829A0 /* LaunchScreen.storyboard */ = {
			isa = PBXVariantGroup;
			children = (
				68EA9AF62B260EBA004829A0 /* Base */,
			);
			name = LaunchScreen.storyboard;
			sourceTree = "<group>";
		};
/* End PBXVariantGroup section */

/* Begin XCBuildConfiguration section */
		68EA9B0F2B260EBB004829A0 /* Debug */ = {
			isa = XCBuildConfiguration;
			buildSettings = {
				ALWAYS_SEARCH_USER_PATHS = NO;
				ASSETCATALOG_COMPILER_GENERATE_SWIFT_ASSET_SYMBOL_EXTENSIONS = YES;
				CLANG_ANALYZER_NONNULL = YES;
				CLANG_ANALYZER_NUMBER_OBJECT_CONVERSION = YES_AGGRESSIVE;
				CLANG_CXX_LANGUAGE_STANDARD = "gnu++20";
				CLANG_ENABLE_MODULES = YES;
				CLANG_ENABLE_OBJC_ARC = YES;
				CLANG_ENABLE_OBJC_WEAK = YES;
				CLANG_WARN_BLOCK_CAPTURE_AUTORELEASING = YES;
				CLANG_WARN_BOOL_CONVERSION = YES;
				CLANG_WARN_COMMA = YES;
				CLANG_WARN_CONSTANT_CONVERSION = YES;
				CLANG_WARN_DEPRECATED_OBJC_IMPLEMENTATIONS = YES;
				CLANG_WARN_DIRECT_OBJC_ISA_USAGE = YES_ERROR;
				CLANG_WARN_DOCUMENTATION_COMMENTS = YES;
				CLANG_WARN_EMPTY_BODY = YES;
				CLANG_WARN_ENUM_CONVERSION = YES;
				CLANG_WARN_INFINITE_RECURSION = YES;
				CLANG_WARN_INT_CONVERSION = YES;
				CLANG_WARN_NON_LITERAL_NULL_CONVERSION = YES;
				CLANG_WARN_OBJC_IMPLICIT_RETAIN_SELF = YES;
				CLANG_WARN_OBJC_LITERAL_CONVERSION = YES;
				CLANG_WARN_OBJC_ROOT_CLASS = YES_ERROR;
				CLANG_WARN_QUOTED_INCLUDE_IN_FRAMEWORK_HEADER = YES;
				CLANG_WARN_RANGE_LOOP_ANALYSIS = YES;
				CLANG_WARN_STRICT_PROTOTYPES = YES;
				CLANG_WARN_SUSPICIOUS_MOVE = YES;
				CLANG_WARN_UNGUARDED_AVAILABILITY = YES_AGGRESSIVE;
				CLANG_WARN_UNREACHABLE_CODE = YES;
				CLANG_WARN__DUPLICATE_METHOD_MATCH = YES;
				COPY_PHASE_STRIP = NO;
				DEBUG_INFORMATION_FORMAT = dwarf;
				ENABLE_STRICT_OBJC_MSGSEND = YES;
				ENABLE_TESTABILITY = YES;
				ENABLE_USER_SCRIPT_SANDBOXING = YES;
				GCC_C_LANGUAGE_STANDARD = gnu17;
				GCC_DYNAMIC_NO_PIC = NO;
				GCC_NO_COMMON_BLOCKS = YES;
				GCC_OPTIMIZATION_LEVEL = 0;
				GCC_PREPROCESSOR_DEFINITIONS = (
					"DEBUG=1",
					"$(inherited)",
				);
				GCC_WARN_64_TO_32_BIT_CONVERSION = YES;
				GCC_WARN_ABOUT_RETURN_TYPE = YES_ERROR;
				GCC_WARN_UNDECLARED_SELECTOR = YES;
				GCC_WARN_UNINITIALIZED_AUTOS = YES_AGGRESSIVE;
				GCC_WARN_UNUSED_FUNCTION = YES;
				GCC_WARN_UNUSED_VARIABLE = YES;
				IPHONEOS_DEPLOYMENT_TARGET = 17.0;
				LOCALIZATION_PREFERS_STRING_CATALOGS = YES;
				MTL_ENABLE_DEBUG_INFO = INCLUDE_SOURCE;
				MTL_FAST_MATH = YES;
				ONLY_ACTIVE_ARCH = YES;
				SDKROOT = iphoneos;
				SWIFT_ACTIVE_COMPILATION_CONDITIONS = "DEBUG $(inherited)";
				SWIFT_OPTIMIZATION_LEVEL = "-Onone";
			};
			name = Debug;
		};
		68EA9B102B260EBB004829A0 /* Release */ = {
			isa = XCBuildConfiguration;
			buildSettings = {
				ALWAYS_SEARCH_USER_PATHS = NO;
				ASSETCATALOG_COMPILER_GENERATE_SWIFT_ASSET_SYMBOL_EXTENSIONS = YES;
				CLANG_ANALYZER_NONNULL = YES;
				CLANG_ANALYZER_NUMBER_OBJECT_CONVERSION = YES_AGGRESSIVE;
				CLANG_CXX_LANGUAGE_STANDARD = "gnu++20";
				CLANG_ENABLE_MODULES = YES;
				CLANG_ENABLE_OBJC_ARC = YES;
				CLANG_ENABLE_OBJC_WEAK = YES;
				CLANG_WARN_BLOCK_CAPTURE_AUTORELEASING = YES;
				CLANG_WARN_BOOL_CONVERSION = YES;
				CLANG_WARN_COMMA = YES;
				CLANG_WARN_CONSTANT_CONVERSION = YES;
				CLANG_WARN_DEPRECATED_OBJC_IMPLEMENTATIONS = YES;
				CLANG_WARN_DIRECT_OBJC_ISA_USAGE = YES_ERROR;
				CLANG_WARN_DOCUMENTATION_COMMENTS = YES;
				CLANG_WARN_EMPTY_BODY = YES;
				CLANG_WARN_ENUM_CONVERSION = YES;
				CLANG_WARN_INFINITE_RECURSION = YES;
				CLANG_WARN_INT_CONVERSION = YES;
				CLANG_WARN_NON_LITERAL_NULL_CONVERSION = YES;
				CLANG_WARN_OBJC_IMPLICIT_RETAIN_SELF = YES;
				CLANG_WARN_OBJC_LITERAL_CONVERSION = YES;
				CLANG_WARN_OBJC_ROOT_CLASS = YES_ERROR;
				CLANG_WARN_QUOTED_INCLUDE_IN_FRAMEWORK_HEADER = YES;
				CLANG_WARN_RANGE_LOOP_ANALYSIS = YES;
				CLANG_WARN_STRICT_PROTOTYPES = YES;
				CLANG_WARN_SUSPICIOUS_MOVE = YES;
				CLANG_WARN_UNGUARDED_AVAILABILITY = YES_AGGRESSIVE;
				CLANG_WARN_UNREACHABLE_CODE = YES;
				CLANG_WARN__DUPLICATE_METHOD_MATCH = YES;
				COPY_PHASE_STRIP = NO;
				DEBUG_INFORMATION_FORMAT = "dwarf-with-dsym";
				ENABLE_NS_ASSERTIONS = NO;
				ENABLE_STRICT_OBJC_MSGSEND = YES;
				ENABLE_USER_SCRIPT_SANDBOXING = YES;
				GCC_C_LANGUAGE_STANDARD = gnu17;
				GCC_NO_COMMON_BLOCKS = YES;
				GCC_WARN_64_TO_32_BIT_CONVERSION = YES;
				GCC_WARN_ABOUT_RETURN_TYPE = YES_ERROR;
				GCC_WARN_UNDECLARED_SELECTOR = YES;
				GCC_WARN_UNINITIALIZED_AUTOS = YES_AGGRESSIVE;
				GCC_WARN_UNUSED_FUNCTION = YES;
				GCC_WARN_UNUSED_VARIABLE = YES;
				IPHONEOS_DEPLOYMENT_TARGET = 17.0;
				LOCALIZATION_PREFERS_STRING_CATALOGS = YES;
				MTL_ENABLE_DEBUG_INFO = NO;
				MTL_FAST_MATH = YES;
				SDKROOT = iphoneos;
				SWIFT_COMPILATION_MODE = wholemodule;
				VALIDATE_PRODUCT = YES;
			};
			name = Release;
		};
		68EA9B122B260EBB004829A0 /* Debug */ = {
			isa = XCBuildConfiguration;
			buildSettings = {
				ASSETCATALOG_COMPILER_APPICON_NAME = AppIcon;
				ASSETCATALOG_COMPILER_GLOBAL_ACCENT_COLOR_NAME = AccentColor;
				CODE_SIGN_STYLE = Automatic;
				CURRENT_PROJECT_VERSION = 1;
				DEVELOPMENT_TEAM = D3KCY5L943;
				GENERATE_INFOPLIST_FILE = YES;
				INFOPLIST_FILE = sampleGitLab/Info.plist;
				INFOPLIST_KEY_UIApplicationSupportsIndirectInputEvents = YES;
				INFOPLIST_KEY_UILaunchStoryboardName = LaunchScreen;
				INFOPLIST_KEY_UIMainStoryboardFile = Main;
				INFOPLIST_KEY_UISupportedInterfaceOrientations_iPad = "UIInterfaceOrientationPortrait UIInterfaceOrientationPortraitUpsideDown UIInterfaceOrientationLandscapeLeft UIInterfaceOrientationLandscapeRight";
				INFOPLIST_KEY_UISupportedInterfaceOrientations_iPhone = "UIInterfaceOrientationPortrait UIInterfaceOrientationLandscapeLeft UIInterfaceOrientationLandscapeRight";
				LD_RUNPATH_SEARCH_PATHS = (
					"$(inherited)",
					"@executable_path/Frameworks",
				);
				MARKETING_VERSION = 1.0;
				PRODUCT_BUNDLE_IDENTIFIER = com.oshima.ryo.sampleGitLab;
				PRODUCT_NAME = "$(TARGET_NAME)";
				SWIFT_EMIT_LOC_STRINGS = YES;
				SWIFT_VERSION = 5.0;
				TARGETED_DEVICE_FAMILY = "1,2";
			};
			name = Debug;
		};
		68EA9B132B260EBB004829A0 /* Release */ = {
			isa = XCBuildConfiguration;
			buildSettings = {
				ASSETCATALOG_COMPILER_APPICON_NAME = AppIcon;
				ASSETCATALOG_COMPILER_GLOBAL_ACCENT_COLOR_NAME = AccentColor;
				CODE_SIGN_STYLE = Automatic;
				CURRENT_PROJECT_VERSION = 1;
				DEVELOPMENT_TEAM = D3KCY5L943;
				GENERATE_INFOPLIST_FILE = YES;
				INFOPLIST_FILE = sampleGitLab/Info.plist;
				INFOPLIST_KEY_UIApplicationSupportsIndirectInputEvents = YES;
				INFOPLIST_KEY_UILaunchStoryboardName = LaunchScreen;
				INFOPLIST_KEY_UIMainStoryboardFile = Main;
				INFOPLIST_KEY_UISupportedInterfaceOrientations_iPad = "UIInterfaceOrientationPortrait UIInterfaceOrientationPortraitUpsideDown UIInterfaceOrientationLandscapeLeft UIInterfaceOrientationLandscapeRight";
				INFOPLIST_KEY_UISupportedInterfaceOrientations_iPhone = "UIInterfaceOrientationPortrait UIInterfaceOrientationLandscapeLeft UIInterfaceOrientationLandscapeRight";
				LD_RUNPATH_SEARCH_PATHS = (
					"$(inherited)",
					"@executable_path/Frameworks",
				);
				MARKETING_VERSION = 1.0;
				PRODUCT_BUNDLE_IDENTIFIER = com.oshima.ryo.sampleGitLab;
				PRODUCT_NAME = "$(TARGET_NAME)";
				SWIFT_EMIT_LOC_STRINGS = YES;
				SWIFT_VERSION = 5.0;
				TARGETED_DEVICE_FAMILY = "1,2";
			};
			name = Release;
		};
		68EA9B152B260EBB004829A0 /* Debug */ = {
			isa = XCBuildConfiguration;
			buildSettings = {
				ALWAYS_EMBED_SWIFT_STANDARD_LIBRARIES = YES;
				BUNDLE_LOADER = "$(TEST_HOST)";
				CODE_SIGN_STYLE = Automatic;
				CURRENT_PROJECT_VERSION = 1;
				DEVELOPMENT_TEAM = D3KCY5L943;
				GENERATE_INFOPLIST_FILE = YES;
				IPHONEOS_DEPLOYMENT_TARGET = 17.0;
				MARKETING_VERSION = 1.0;
				PRODUCT_BUNDLE_IDENTIFIER = com.oshima.ryo.sampleGitLabTests;
				PRODUCT_NAME = "$(TARGET_NAME)";
				SWIFT_EMIT_LOC_STRINGS = NO;
				SWIFT_VERSION = 5.0;
				TARGETED_DEVICE_FAMILY = "1,2";
				TEST_HOST = "$(BUILT_PRODUCTS_DIR)/sampleGitLab.app/$(BUNDLE_EXECUTABLE_FOLDER_PATH)/sampleGitLab";
			};
			name = Debug;
		};
		68EA9B162B260EBB004829A0 /* Release */ = {
			isa = XCBuildConfiguration;
			buildSettings = {
				ALWAYS_EMBED_SWIFT_STANDARD_LIBRARIES = YES;
				BUNDLE_LOADER = "$(TEST_HOST)";
				CODE_SIGN_STYLE = Automatic;
				CURRENT_PROJECT_VERSION = 1;
				DEVELOPMENT_TEAM = D3KCY5L943;
				GENERATE_INFOPLIST_FILE = YES;
				IPHONEOS_DEPLOYMENT_TARGET = 17.0;
				MARKETING_VERSION = 1.0;
				PRODUCT_BUNDLE_IDENTIFIER = com.oshima.ryo.sampleGitLabTests;
				PRODUCT_NAME = "$(TARGET_NAME)";
				SWIFT_EMIT_LOC_STRINGS = NO;
				SWIFT_VERSION = 5.0;
				TARGETED_DEVICE_FAMILY = "1,2";
				TEST_HOST = "$(BUILT_PRODUCTS_DIR)/sampleGitLab.app/$(BUNDLE_EXECUTABLE_FOLDER_PATH)/sampleGitLab";
			};
			name = Release;
		};
		68EA9B182B260EBB004829A0 /* Debug */ = {
			isa = XCBuildConfiguration;
			buildSettings = {
				ALWAYS_EMBED_SWIFT_STANDARD_LIBRARIES = YES;
				CODE_SIGN_STYLE = Automatic;
				CURRENT_PROJECT_VERSION = 1;
				DEVELOPMENT_TEAM = D3KCY5L943;
				GENERATE_INFOPLIST_FILE = YES;
				MARKETING_VERSION = 1.0;
				PRODUCT_BUNDLE_IDENTIFIER = com.oshima.ryo.sampleGitLabUITests;
				PRODUCT_NAME = "$(TARGET_NAME)";
				SWIFT_EMIT_LOC_STRINGS = NO;
				SWIFT_VERSION = 5.0;
				TARGETED_DEVICE_FAMILY = "1,2";
				TEST_TARGET_NAME = sampleGitLab;
			};
			name = Debug;
		};
		68EA9B192B260EBB004829A0 /* Release */ = {
			isa = XCBuildConfiguration;
			buildSettings = {
				ALWAYS_EMBED_SWIFT_STANDARD_LIBRARIES = YES;
				CODE_SIGN_STYLE = Automatic;
				CURRENT_PROJECT_VERSION = 1;
				DEVELOPMENT_TEAM = D3KCY5L943;
				GENERATE_INFOPLIST_FILE = YES;
				MARKETING_VERSION = 1.0;
				PRODUCT_BUNDLE_IDENTIFIER = com.oshima.ryo.sampleGitLabUITests;
				PRODUCT_NAME = "$(TARGET_NAME)";
				SWIFT_EMIT_LOC_STRINGS = NO;
				SWIFT_VERSION = 5.0;
				TARGETED_DEVICE_FAMILY = "1,2";
				TEST_TARGET_NAME = sampleGitLab;
			};
			name = Release;
		};
/* End XCBuildConfiguration section */

/* Begin XCConfigurationList section */
		68EA9AE22B260EB7004829A0 /* Build configuration list for PBXProject "sampleGitLab" */ = {
			isa = XCConfigurationList;
			buildConfigurations = (
				68EA9B0F2B260EBB004829A0 /* Debug */,
				68EA9B102B260EBB004829A0 /* Release */,
			);
			defaultConfigurationIsVisible = 0;
			defaultConfigurationName = Release;
		};
		68EA9B112B260EBB004829A0 /* Build configuration list for PBXNativeTarget "sampleGitLab" */ = {
			isa = XCConfigurationList;
			buildConfigurations = (
				68EA9B122B260EBB004829A0 /* Debug */,
				68EA9B132B260EBB004829A0 /* Release */,
			);
			defaultConfigurationIsVisible = 0;
			defaultConfigurationName = Release;
		};
		68EA9B142B260EBB004829A0 /* Build configuration list for PBXNativeTarget "sampleGitLabTests" */ = {
			isa = XCConfigurationList;
			buildConfigurations = (
				68EA9B152B260EBB004829A0 /* Debug */,
				68EA9B162B260EBB004829A0 /* Release */,
			);
			defaultConfigurationIsVisible = 0;
			defaultConfigurationName = Release;
		};
		68EA9B172B260EBB004829A0 /* Build configuration list for PBXNativeTarget "sampleGitLabUITests" */ = {
			isa = XCConfigurationList;
			buildConfigurations = (
				68EA9B182B260EBB004829A0 /* Debug */,
				68EA9B192B260EBB004829A0 /* Release */,
			);
			defaultConfigurationIsVisible = 0;
			defaultConfigurationName = Release;
		};
/* End XCConfigurationList section */
	};
	rootObject = 68EA9ADF2B260EB7004829A0 /* Project object */;
}
