// !$*UTF8*$!
{
	archiveVersion = 1;
	classes = {
	};
	objectVersion = 55;
	objects = {

/* Begin PBXBuildFile section */
		68E4655B287889DA00A45B5F /* DockerView.docc in Sources */ = {isa = PBXBuildFile; fileRef = 68E4655A287889DA00A45B5F /* DockerView.docc */; };
		68E4655C287889DA00A45B5F /* DockerView.h in Headers */ = {isa = PBXBuildFile; fileRef = 68E46559287889DA00A45B5F /* DockerView.h */; settings = {ATTRIBUTES = (Public, ); }; };
		68E46563287889EC00A45B5F /* DockerView.swift in Sources */ = {isa = PBXBuildFile; fileRef = 68E46562287889EC00A45B5F /* DockerView.swift */; };
		68E4656B28788A5800A45B5F /* AppDelegate.swift in Sources */ = {isa = PBXBuildFile; fileRef = 68E4656A28788A5800A45B5F /* AppDelegate.swift */; };
		68E4656D28788A5800A45B5F /* SceneDelegate.swift in Sources */ = {isa = PBXBuildFile; fileRef = 68E4656C28788A5800A45B5F /* SceneDelegate.swift */; };
		68E4656F28788A5800A45B5F /* ViewController.swift in Sources */ = {isa = PBXBuildFile; fileRef = 68E4656E28788A5800A45B5F /* ViewController.swift */; };
		68E4657228788A5800A45B5F /* Main.storyboard in Resources */ = {isa = PBXBuildFile; fileRef = 68E4657028788A5800A45B5F /* Main.storyboard */; };
		68E4657428788A5A00A45B5F /* Assets.xcassets in Resources */ = {isa = PBXBuildFile; fileRef = 68E4657328788A5A00A45B5F /* Assets.xcassets */; };
		68E4657728788A5A00A45B5F /* LaunchScreen.storyboard in Resources */ = {isa = PBXBuildFile; fileRef = 68E4657528788A5A00A45B5F /* LaunchScreen.storyboard */; };
		68E4658228788A5B00A45B5F /* DemoTests.swift in Sources */ = {isa = PBXBuildFile; fileRef = 68E4658128788A5B00A45B5F /* DemoTests.swift */; };
		68E4658C28788A5B00A45B5F /* DemoUITests.swift in Sources */ = {isa = PBXBuildFile; fileRef = 68E4658B28788A5B00A45B5F /* DemoUITests.swift */; };
		68E4658E28788A5B00A45B5F /* DemoUITestsLaunchTests.swift in Sources */ = {isa = PBXBuildFile; fileRef = 68E4658D28788A5B00A45B5F /* DemoUITestsLaunchTests.swift */; };
		68E4659928788A7C00A45B5F /* DockerView.framework in Frameworks */ = {isa = PBXBuildFile; fileRef = 68E46556287889DA00A45B5F /* DockerView.framework */; };
		68E4659A28788A7C00A45B5F /* DockerView.framework in Embed Frameworks */ = {isa = PBXBuildFile; fileRef = 68E46556287889DA00A45B5F /* DockerView.framework */; settings = {ATTRIBUTES = (CodeSignOnCopy, RemoveHeadersOnCopy, ); }; };
/* End PBXBuildFile section */

/* Begin PBXContainerItemProxy section */
		68E4657E28788A5B00A45B5F /* PBXContainerItemProxy */ = {
			isa = PBXContainerItemProxy;
			containerPortal = 68E4654D287889DA00A45B5F /* Project object */;
			proxyType = 1;
			remoteGlobalIDString = 68E4656728788A5800A45B5F;
			remoteInfo = Demo;
		};
		68E4658828788A5B00A45B5F /* PBXContainerItemProxy */ = {
			isa = PBXContainerItemProxy;
			containerPortal = 68E4654D287889DA00A45B5F /* Project object */;
			proxyType = 1;
			remoteGlobalIDString = 68E4656728788A5800A45B5F;
			remoteInfo = Demo;
		};
		68E4659B28788A7C00A45B5F /* PBXContainerItemProxy */ = {
			isa = PBXContainerItemProxy;
			containerPortal = 68E4654D287889DA00A45B5F /* Project object */;
			proxyType = 1;
			remoteGlobalIDString = 68E46555287889DA00A45B5F;
			remoteInfo = DockerView;
		};
/* End PBXContainerItemProxy section */

/* Begin PBXCopyFilesBuildPhase section */
		68E4659D28788A7C00A45B5F /* Embed Frameworks */ = {
			isa = PBXCopyFilesBuildPhase;
			buildActionMask = 2147483647;
			dstPath = "";
			dstSubfolderSpec = 10;
			files = (
				68E4659A28788A7C00A45B5F /* DockerView.framework in Embed Frameworks */,
			);
			name = "Embed Frameworks";
			runOnlyForDeploymentPostprocessing = 0;
		};
/* End PBXCopyFilesBuildPhase section */

/* Begin PBXFileReference section */
		68E46556287889DA00A45B5F /* DockerView.framework */ = {isa = PBXFileReference; explicitFileType = wrapper.framework; includeInIndex = 0; path = DockerView.framework; sourceTree = BUILT_PRODUCTS_DIR; };
		68E46559287889DA00A45B5F /* DockerView.h */ = {isa = PBXFileReference; lastKnownFileType = sourcecode.c.h; path = DockerView.h; sourceTree = "<group>"; };
		68E4655A287889DA00A45B5F /* DockerView.docc */ = {isa = PBXFileReference; lastKnownFileType = folder.documentationcatalog; path = DockerView.docc; sourceTree = "<group>"; };
		68E46562287889EC00A45B5F /* DockerView.swift */ = {isa = PBXFileReference; lastKnownFileType = sourcecode.swift; path = DockerView.swift; sourceTree = "<group>"; };
		68E4656828788A5800A45B5F /* Demo.app */ = {isa = PBXFileReference; explicitFileType = wrapper.application; includeInIndex = 0; path = Demo.app; sourceTree = BUILT_PRODUCTS_DIR; };
		68E4656A28788A5800A45B5F /* AppDelegate.swift */ = {isa = PBXFileReference; lastKnownFileType = sourcecode.swift; path = AppDelegate.swift; sourceTree = "<group>"; };
		68E4656C28788A5800A45B5F /* SceneDelegate.swift */ = {isa = PBXFileReference; lastKnownFileType = sourcecode.swift; path = SceneDelegate.swift; sourceTree = "<group>"; };
		68E4656E28788A5800A45B5F /* ViewController.swift */ = {isa = PBXFileReference; lastKnownFileType = sourcecode.swift; path = ViewController.swift; sourceTree = "<group>"; };
		68E4657128788A5800A45B5F /* Base */ = {isa = PBXFileReference; lastKnownFileType = file.storyboard; name = Base; path = Base.lproj/Main.storyboard; sourceTree = "<group>"; };
		68E4657328788A5A00A45B5F /* Assets.xcassets */ = {isa = PBXFileReference; lastKnownFileType = folder.assetcatalog; path = Assets.xcassets; sourceTree = "<group>"; };
		68E4657628788A5A00A45B5F /* Base */ = {isa = PBXFileReference; lastKnownFileType = file.storyboard; name = Base; path = Base.lproj/LaunchScreen.storyboard; sourceTree = "<group>"; };
		68E4657828788A5A00A45B5F /* Info.plist */ = {isa = PBXFileReference; lastKnownFileType = text.plist.xml; path = Info.plist; sourceTree = "<group>"; };
		68E4657D28788A5B00A45B5F /* DemoTests.xctest */ = {isa = PBXFileReference; explicitFileType = wrapper.cfbundle; includeInIndex = 0; path = DemoTests.xctest; sourceTree = BUILT_PRODUCTS_DIR; };
		68E4658128788A5B00A45B5F /* DemoTests.swift */ = {isa = PBXFileReference; lastKnownFileType = sourcecode.swift; path = DemoTests.swift; sourceTree = "<group>"; };
		68E4658728788A5B00A45B5F /* DemoUITests.xctest */ = {isa = PBXFileReference; explicitFileType = wrapper.cfbundle; includeInIndex = 0; path = DemoUITests.xctest; sourceTree = BUILT_PRODUCTS_DIR; };
		68E4658B28788A5B00A45B5F /* DemoUITests.swift */ = {isa = PBXFileReference; lastKnownFileType = sourcecode.swift; path = DemoUITests.swift; sourceTree = "<group>"; };
		68E4658D28788A5B00A45B5F /* DemoUITestsLaunchTests.swift */ = {isa = PBXFileReference; lastKnownFileType = sourcecode.swift; path = DemoUITestsLaunchTests.swift; sourceTree = "<group>"; };
/* End PBXFileReference section */

/* Begin PBXFrameworksBuildPhase section */
		68E46553287889DA00A45B5F /* Frameworks */ = {
			isa = PBXFrameworksBuildPhase;
			buildActionMask = 2147483647;
			files = (
			);
			runOnlyForDeploymentPostprocessing = 0;
		};
		68E4656528788A5800A45B5F /* Frameworks */ = {
			isa = PBXFrameworksBuildPhase;
			buildActionMask = 2147483647;
			files = (
				68E4659928788A7C00A45B5F /* DockerView.framework in Frameworks */,
			);
			runOnlyForDeploymentPostprocessing = 0;
		};
		68E4657A28788A5B00A45B5F /* Frameworks */ = {
			isa = PBXFrameworksBuildPhase;
			buildActionMask = 2147483647;
			files = (
			);
			runOnlyForDeploymentPostprocessing = 0;
		};
		68E4658428788A5B00A45B5F /* Frameworks */ = {
			isa = PBXFrameworksBuildPhase;
			buildActionMask = 2147483647;
			files = (
			);
			runOnlyForDeploymentPostprocessing = 0;
		};
/* End PBXFrameworksBuildPhase section */

/* Begin PBXGroup section */
		68E4654C287889DA00A45B5F = {
			isa = PBXGroup;
			children = (
				68E46558287889DA00A45B5F /* DockerView */,
				68E4656928788A5800A45B5F /* Demo */,
				68E4658028788A5B00A45B5F /* DemoTests */,
				68E4658A28788A5B00A45B5F /* DemoUITests */,
				68E46557287889DA00A45B5F /* Products */,
				68E4659828788A7B00A45B5F /* Frameworks */,
			);
			sourceTree = "<group>";
		};
		68E46557287889DA00A45B5F /* Products */ = {
			isa = PBXGroup;
			children = (
				68E46556287889DA00A45B5F /* DockerView.framework */,
				68E4656828788A5800A45B5F /* Demo.app */,
				68E4657D28788A5B00A45B5F /* DemoTests.xctest */,
				68E4658728788A5B00A45B5F /* DemoUITests.xctest */,
			);
			name = Products;
			sourceTree = "<group>";
		};
		68E46558287889DA00A45B5F /* DockerView */ = {
			isa = PBXGroup;
			children = (
				68E46559287889DA00A45B5F /* DockerView.h */,
				68E4655A287889DA00A45B5F /* DockerView.docc */,
				68E46562287889EC00A45B5F /* DockerView.swift */,
			);
			path = DockerView;
			sourceTree = "<group>";
		};
		68E4656928788A5800A45B5F /* Demo */ = {
			isa = PBXGroup;
			children = (
				68E4656A28788A5800A45B5F /* AppDelegate.swift */,
				68E4656C28788A5800A45B5F /* SceneDelegate.swift */,
				68E4656E28788A5800A45B5F /* ViewController.swift */,
				68E4657028788A5800A45B5F /* Main.storyboard */,
				68E4657328788A5A00A45B5F /* Assets.xcassets */,
				68E4657528788A5A00A45B5F /* LaunchScreen.storyboard */,
				68E4657828788A5A00A45B5F /* Info.plist */,
			);
			path = Demo;
			sourceTree = "<group>";
		};
		68E4658028788A5B00A45B5F /* DemoTests */ = {
			isa = PBXGroup;
			children = (
				68E4658128788A5B00A45B5F /* DemoTests.swift */,
			);
			path = DemoTests;
			sourceTree = "<group>";
		};
		68E4658A28788A5B00A45B5F /* DemoUITests */ = {
			isa = PBXGroup;
			children = (
				68E4658B28788A5B00A45B5F /* DemoUITests.swift */,
				68E4658D28788A5B00A45B5F /* DemoUITestsLaunchTests.swift */,
			);
			path = DemoUITests;
			sourceTree = "<group>";
		};
		68E4659828788A7B00A45B5F /* Frameworks */ = {
			isa = PBXGroup;
			children = (
			);
			name = Frameworks;
			sourceTree = "<group>";
		};
/* End PBXGroup section */

/* Begin PBXHeadersBuildPhase section */
		68E46551287889DA00A45B5F /* Headers */ = {
			isa = PBXHeadersBuildPhase;
			buildActionMask = 2147483647;
			files = (
				68E4655C287889DA00A45B5F /* DockerView.h in Headers */,
			);
			runOnlyForDeploymentPostprocessing = 0;
		};
/* End PBXHeadersBuildPhase section */

/* Begin PBXNativeTarget section */
		68E46555287889DA00A45B5F /* DockerView */ = {
			isa = PBXNativeTarget;
			buildConfigurationList = 68E4655F287889DA00A45B5F /* Build configuration list for PBXNativeTarget "DockerView" */;
			buildPhases = (
				68E46551287889DA00A45B5F /* Headers */,
				68E46552287889DA00A45B5F /* Sources */,
				68E46553287889DA00A45B5F /* Frameworks */,
				68E46554287889DA00A45B5F /* Resources */,
			);
			buildRules = (
			);
			dependencies = (
			);
			name = DockerView;
			productName = DockerView;
			productReference = 68E46556287889DA00A45B5F /* DockerView.framework */;
			productType = "com.apple.product-type.framework";
		};
		68E4656728788A5800A45B5F /* Demo */ = {
			isa = PBXNativeTarget;
			buildConfigurationList = 68E4658F28788A5B00A45B5F /* Build configuration list for PBXNativeTarget "Demo" */;
			buildPhases = (
				68E4656428788A5800A45B5F /* Sources */,
				68E4656528788A5800A45B5F /* Frameworks */,
				68E4656628788A5800A45B5F /* Resources */,
				68E4659D28788A7C00A45B5F /* Embed Frameworks */,
				68E4659E28788DBD00A45B5F /* Run SwiftLint */,
			);
			buildRules = (
			);
			dependencies = (
				68E4659C28788A7C00A45B5F /* PBXTargetDependency */,
			);
			name = Demo;
			productName = Demo;
			productReference = 68E4656828788A5800A45B5F /* Demo.app */;
			productType = "com.apple.product-type.application";
		};
		68E4657C28788A5B00A45B5F /* DemoTests */ = {
			isa = PBXNativeTarget;
			buildConfigurationList = 68E4659228788A5B00A45B5F /* Build configuration list for PBXNativeTarget "DemoTests" */;
			buildPhases = (
				68E4657928788A5B00A45B5F /* Sources */,
				68E4657A28788A5B00A45B5F /* Frameworks */,
				68E4657B28788A5B00A45B5F /* Resources */,
			);
			buildRules = (
			);
			dependencies = (
				68E4657F28788A5B00A45B5F /* PBXTargetDependency */,
			);
			name = DemoTests;
			productName = DemoTests;
			productReference = 68E4657D28788A5B00A45B5F /* DemoTests.xctest */;
			productType = "com.apple.product-type.bundle.unit-test";
		};
		68E4658628788A5B00A45B5F /* DemoUITests */ = {
			isa = PBXNativeTarget;
			buildConfigurationList = 68E4659528788A5B00A45B5F /* Build configuration list for PBXNativeTarget "DemoUITests" */;
			buildPhases = (
				68E4658328788A5B00A45B5F /* Sources */,
				68E4658428788A5B00A45B5F /* Frameworks */,
				68E4658528788A5B00A45B5F /* Resources */,
			);
			buildRules = (
			);
			dependencies = (
				68E4658928788A5B00A45B5F /* PBXTargetDependency */,
			);
			name = DemoUITests;
			productName = DemoUITests;
			productReference = 68E4658728788A5B00A45B5F /* DemoUITests.xctest */;
			productType = "com.apple.product-type.bundle.ui-testing";
		};
/* End PBXNativeTarget section */

/* Begin PBXProject section */
		68E4654D287889DA00A45B5F /* Project object */ = {
			isa = PBXProject;
			attributes = {
				BuildIndependentTargetsInParallel = 1;
				LastSwiftUpdateCheck = 1330;
				LastUpgradeCheck = 1330;
				TargetAttributes = {
					68E46555287889DA00A45B5F = {
						CreatedOnToolsVersion = 13.3;
					};
					68E4656728788A5800A45B5F = {
						CreatedOnToolsVersion = 13.3;
					};
					68E4657C28788A5B00A45B5F = {
						CreatedOnToolsVersion = 13.3;
						TestTargetID = 68E4656728788A5800A45B5F;
					};
					68E4658628788A5B00A45B5F = {
						CreatedOnToolsVersion = 13.3;
						TestTargetID = 68E4656728788A5800A45B5F;
					};
				};
			};
			buildConfigurationList = 68E46550287889DA00A45B5F /* Build configuration list for PBXProject "DockerView" */;
			compatibilityVersion = "Xcode 13.0";
			developmentRegion = en;
			hasScannedForEncodings = 0;
			knownRegions = (
				en,
				Base,
			);
			mainGroup = 68E4654C287889DA00A45B5F;
			productRefGroup = 68E46557287889DA00A45B5F /* Products */;
			projectDirPath = "";
			projectRoot = "";
			targets = (
				68E46555287889DA00A45B5F /* DockerView */,
				68E4656728788A5800A45B5F /* Demo */,
				68E4657C28788A5B00A45B5F /* DemoTests */,
				68E4658628788A5B00A45B5F /* DemoUITests */,
			);
		};
/* End PBXProject section */

/* Begin PBXResourcesBuildPhase section */
		68E46554287889DA00A45B5F /* Resources */ = {
			isa = PBXResourcesBuildPhase;
			buildActionMask = 2147483647;
			files = (
			);
			runOnlyForDeploymentPostprocessing = 0;
		};
		68E4656628788A5800A45B5F /* Resources */ = {
			isa = PBXResourcesBuildPhase;
			buildActionMask = 2147483647;
			files = (
				68E4657728788A5A00A45B5F /* LaunchScreen.storyboard in Resources */,
				68E4657428788A5A00A45B5F /* Assets.xcassets in Resources */,
				68E4657228788A5800A45B5F /* Main.storyboard in Resources */,
			);
			runOnlyForDeploymentPostprocessing = 0;
		};
		68E4657B28788A5B00A45B5F /* Resources */ = {
			isa = PBXResourcesBuildPhase;
			buildActionMask = 2147483647;
			files = (
			);
			runOnlyForDeploymentPostprocessing = 0;
		};
		68E4658528788A5B00A45B5F /* Resources */ = {
			isa = PBXResourcesBuildPhase;
			buildActionMask = 2147483647;
			files = (
			);
			runOnlyForDeploymentPostprocessing = 0;
		};
/* End PBXResourcesBuildPhase section */

/* Begin PBXShellScriptBuildPhase section */
		68E4659E28788DBD00A45B5F /* Run SwiftLint */ = {
			isa = PBXShellScriptBuildPhase;
			buildActionMask = 2147483647;
			files = (
			);
			inputFileListPaths = (
			);
			inputPaths = (
			);
			name = "Run SwiftLint";
			outputFileListPaths = (
			);
			outputPaths = (
			);
			runOnlyForDeploymentPostprocessing = 0;
			shellPath = /bin/sh;
			shellScript = "if which swiftlint >/dev/null; then\n  swiftlint\nelse\n  echo \"SwiftLint does not exist, download from https://github.com/realm/SwiftLint\"\nfi\n";
		};
/* End PBXShellScriptBuildPhase section */

/* Begin PBXSourcesBuildPhase section */
		68E46552287889DA00A45B5F /* Sources */ = {
			isa = PBXSourcesBuildPhase;
			buildActionMask = 2147483647;
			files = (
				68E46563287889EC00A45B5F /* DockerView.swift in Sources */,
				68E4655B287889DA00A45B5F /* DockerView.docc in Sources */,
			);
			runOnlyForDeploymentPostprocessing = 0;
		};
		68E4656428788A5800A45B5F /* Sources */ = {
			isa = PBXSourcesBuildPhase;
			buildActionMask = 2147483647;
			files = (
				68E4656F28788A5800A45B5F /* ViewController.swift in Sources */,
				68E4656B28788A5800A45B5F /* AppDelegate.swift in Sources */,
				68E4656D28788A5800A45B5F /* SceneDelegate.swift in Sources */,
			);
			runOnlyForDeploymentPostprocessing = 0;
		};
		68E4657928788A5B00A45B5F /* Sources */ = {
			isa = PBXSourcesBuildPhase;
			buildActionMask = 2147483647;
			files = (
				68E4658228788A5B00A45B5F /* DemoTests.swift in Sources */,
			);
			runOnlyForDeploymentPostprocessing = 0;
		};
		68E4658328788A5B00A45B5F /* Sources */ = {
			isa = PBXSourcesBuildPhase;
			buildActionMask = 2147483647;
			files = (
				68E4658C28788A5B00A45B5F /* DemoUITests.swift in Sources */,
				68E4658E28788A5B00A45B5F /* DemoUITestsLaunchTests.swift in Sources */,
			);
			runOnlyForDeploymentPostprocessing = 0;
		};
/* End PBXSourcesBuildPhase section */

/* Begin PBXTargetDependency section */
		68E4657F28788A5B00A45B5F /* PBXTargetDependency */ = {
			isa = PBXTargetDependency;
			target = 68E4656728788A5800A45B5F /* Demo */;
			targetProxy = 68E4657E28788A5B00A45B5F /* PBXContainerItemProxy */;
		};
		68E4658928788A5B00A45B5F /* PBXTargetDependency */ = {
			isa = PBXTargetDependency;
			target = 68E4656728788A5800A45B5F /* Demo */;
			targetProxy = 68E4658828788A5B00A45B5F /* PBXContainerItemProxy */;
		};
		68E4659C28788A7C00A45B5F /* PBXTargetDependency */ = {
			isa = PBXTargetDependency;
			target = 68E46555287889DA00A45B5F /* DockerView */;
			targetProxy = 68E4659B28788A7C00A45B5F /* PBXContainerItemProxy */;
		};
/* End PBXTargetDependency section */

/* Begin PBXVariantGroup section */
		68E4657028788A5800A45B5F /* Main.storyboard */ = {
			isa = PBXVariantGroup;
			children = (
				68E4657128788A5800A45B5F /* Base */,
			);
			name = Main.storyboard;
			sourceTree = "<group>";
		};
		68E4657528788A5A00A45B5F /* LaunchScreen.storyboard */ = {
			isa = PBXVariantGroup;
			children = (
				68E4657628788A5A00A45B5F /* Base */,
			);
			name = LaunchScreen.storyboard;
			sourceTree = "<group>";
		};
/* End PBXVariantGroup section */

/* Begin XCBuildConfiguration section */
		68E4655D287889DA00A45B5F /* Debug */ = {
			isa = XCBuildConfiguration;
			buildSettings = {
				ALWAYS_SEARCH_USER_PATHS = NO;
				CLANG_ANALYZER_NONNULL = YES;
				CLANG_ANALYZER_NUMBER_OBJECT_CONVERSION = YES_AGGRESSIVE;
				CLANG_CXX_LANGUAGE_STANDARD = "gnu++17";
				CLANG_ENABLE_MODULES = YES;
				CLANG_ENABLE_OBJC_ARC = YES;
				CLANG_ENABLE_OBJC_WEAK = YES;
				CLANG_WARN_BLOCK_CAPTURE_AUTORELEASING = YES;
				CLANG_WARN_BOOL_CONVERSION = YES;
				CLANG_WARN_COMMA = YES;
				CLANG_WARN_CONSTANT_CONVERSION = YES;
				CLANG_WARN_DEPRECATED_OBJC_IMPLEMENTATIONS = YES;
				CLANG_WARN_DIRECT_OBJC_ISA_USAGE = YES_ERROR;
				CLANG_WARN_DOCUMENTATION_COMMENTS = YES;
				CLANG_WARN_EMPTY_BODY = YES;
				CLANG_WARN_ENUM_CONVERSION = YES;
				CLANG_WARN_INFINITE_RECURSION = YES;
				CLANG_WARN_INT_CONVERSION = YES;
				CLANG_WARN_NON_LITERAL_NULL_CONVERSION = YES;
				CLANG_WARN_OBJC_IMPLICIT_RETAIN_SELF = YES;
				CLANG_WARN_OBJC_LITERAL_CONVERSION = YES;
				CLANG_WARN_OBJC_ROOT_CLASS = YES_ERROR;
				CLANG_WARN_QUOTED_INCLUDE_IN_FRAMEWORK_HEADER = YES;
				CLANG_WARN_RANGE_LOOP_ANALYSIS = YES;
				CLANG_WARN_STRICT_PROTOTYPES = YES;
				CLANG_WARN_SUSPICIOUS_MOVE = YES;
				CLANG_WARN_UNGUARDED_AVAILABILITY = YES_AGGRESSIVE;
				CLANG_WARN_UNREACHABLE_CODE = YES;
				CLANG_WARN__DUPLICATE_METHOD_MATCH = YES;
				COPY_PHASE_STRIP = NO;
				CURRENT_PROJECT_VERSION = 1;
				DEBUG_INFORMATION_FORMAT = dwarf;
				ENABLE_STRICT_OBJC_MSGSEND = YES;
				ENABLE_TESTABILITY = YES;
				GCC_C_LANGUAGE_STANDARD = gnu11;
				GCC_DYNAMIC_NO_PIC = NO;
				GCC_NO_COMMON_BLOCKS = YES;
				GCC_OPTIMIZATION_LEVEL = 0;
				GCC_PREPROCESSOR_DEFINITIONS = (
					"DEBUG=1",
					"$(inherited)",
				);
				GCC_WARN_64_TO_32_BIT_CONVERSION = YES;
				GCC_WARN_ABOUT_RETURN_TYPE = YES_ERROR;
				GCC_WARN_UNDECLARED_SELECTOR = YES;
				GCC_WARN_UNINITIALIZED_AUTOS = YES_AGGRESSIVE;
				GCC_WARN_UNUSED_FUNCTION = YES;
				GCC_WARN_UNUSED_VARIABLE = YES;
				IPHONEOS_DEPLOYMENT_TARGET = 15.4;
				MTL_ENABLE_DEBUG_INFO = INCLUDE_SOURCE;
				MTL_FAST_MATH = YES;
				ONLY_ACTIVE_ARCH = YES;
				SDKROOT = iphoneos;
				SWIFT_ACTIVE_COMPILATION_CONDITIONS = DEBUG;
				SWIFT_OPTIMIZATION_LEVEL = "-Onone";
				VERSIONING_SYSTEM = "apple-generic";
				VERSION_INFO_PREFIX = "";
			};
			name = Debug;
		};
		68E4655E287889DA00A45B5F /* Release */ = {
			isa = XCBuildConfiguration;
			buildSettings = {
				ALWAYS_SEARCH_USER_PATHS = NO;
				CLANG_ANALYZER_NONNULL = YES;
				CLANG_ANALYZER_NUMBER_OBJECT_CONVERSION = YES_AGGRESSIVE;
				CLANG_CXX_LANGUAGE_STANDARD = "gnu++17";
				CLANG_ENABLE_MODULES = YES;
				CLANG_ENABLE_OBJC_ARC = YES;
				CLANG_ENABLE_OBJC_WEAK = YES;
				CLANG_WARN_BLOCK_CAPTURE_AUTORELEASING = YES;
				CLANG_WARN_BOOL_CONVERSION = YES;
				CLANG_WARN_COMMA = YES;
				CLANG_WARN_CONSTANT_CONVERSION = YES;
				CLANG_WARN_DEPRECATED_OBJC_IMPLEMENTATIONS = YES;
				CLANG_WARN_DIRECT_OBJC_ISA_USAGE = YES_ERROR;
				CLANG_WARN_DOCUMENTATION_COMMENTS = YES;
				CLANG_WARN_EMPTY_BODY = YES;
				CLANG_WARN_ENUM_CONVERSION = YES;
				CLANG_WARN_INFINITE_RECURSION = YES;
				CLANG_WARN_INT_CONVERSION = YES;
				CLANG_WARN_NON_LITERAL_NULL_CONVERSION = YES;
				CLANG_WARN_OBJC_IMPLICIT_RETAIN_SELF = YES;
				CLANG_WARN_OBJC_LITERAL_CONVERSION = YES;
				CLANG_WARN_OBJC_ROOT_CLASS = YES_ERROR;
				CLANG_WARN_QUOTED_INCLUDE_IN_FRAMEWORK_HEADER = YES;
				CLANG_WARN_RANGE_LOOP_ANALYSIS = YES;
				CLANG_WARN_STRICT_PROTOTYPES = YES;
				CLANG_WARN_SUSPICIOUS_MOVE = YES;
				CLANG_WARN_UNGUARDED_AVAILABILITY = YES_AGGRESSIVE;
				CLANG_WARN_UNREACHABLE_CODE = YES;
				CLANG_WARN__DUPLICATE_METHOD_MATCH = YES;
				COPY_PHASE_STRIP = NO;
				CURRENT_PROJECT_VERSION = 1;
				DEBUG_INFORMATION_FORMAT = "dwarf-with-dsym";
				ENABLE_NS_ASSERTIONS = NO;
				ENABLE_STRICT_OBJC_MSGSEND = YES;
				GCC_C_LANGUAGE_STANDARD = gnu11;
				GCC_NO_COMMON_BLOCKS = YES;
				GCC_WARN_64_TO_32_BIT_CONVERSION = YES;
				GCC_WARN_ABOUT_RETURN_TYPE = YES_ERROR;
				GCC_WARN_UNDECLARED_SELECTOR = YES;
				GCC_WARN_UNINITIALIZED_AUTOS = YES_AGGRESSIVE;
				GCC_WARN_UNUSED_FUNCTION = YES;
				GCC_WARN_UNUSED_VARIABLE = YES;
				IPHONEOS_DEPLOYMENT_TARGET = 15.4;
				MTL_ENABLE_DEBUG_INFO = NO;
				MTL_FAST_MATH = YES;
				SDKROOT = iphoneos;
				SWIFT_COMPILATION_MODE = wholemodule;
				SWIFT_OPTIMIZATION_LEVEL = "-O";
				VALIDATE_PRODUCT = YES;
				VERSIONING_SYSTEM = "apple-generic";
				VERSION_INFO_PREFIX = "";
			};
			name = Release;
		};
		68E46560287889DA00A45B5F /* Debug */ = {
			isa = XCBuildConfiguration;
			buildSettings = {
				CODE_SIGN_STYLE = Automatic;
				CURRENT_PROJECT_VERSION = 1;
				DEFINES_MODULE = YES;
				DEVELOPMENT_TEAM = D3KCY5L943;
				DYLIB_COMPATIBILITY_VERSION = 1;
				DYLIB_CURRENT_VERSION = 1;
				DYLIB_INSTALL_NAME_BASE = "@rpath";
				GENERATE_INFOPLIST_FILE = YES;
				INFOPLIST_KEY_NSHumanReadableCopyright = "";
				INSTALL_PATH = "$(LOCAL_LIBRARY_DIR)/Frameworks";
				LD_RUNPATH_SEARCH_PATHS = (
					"$(inherited)",
					"@executable_path/Frameworks",
					"@loader_path/Frameworks",
				);
				MARKETING_VERSION = 1.0;
				PRODUCT_BUNDLE_IDENTIFIER = com.oshima.ryo.DockerView;
				PRODUCT_NAME = "$(TARGET_NAME:c99extidentifier)";
				SKIP_INSTALL = YES;
				SWIFT_EMIT_LOC_STRINGS = YES;
				SWIFT_VERSION = 5.0;
				TARGETED_DEVICE_FAMILY = "1,2";
			};
			name = Debug;
		};
		68E46561287889DA00A45B5F /* Release */ = {
			isa = XCBuildConfiguration;
			buildSettings = {
				CODE_SIGN_STYLE = Automatic;
				CURRENT_PROJECT_VERSION = 1;
				DEFINES_MODULE = YES;
				DEVELOPMENT_TEAM = D3KCY5L943;
				DYLIB_COMPATIBILITY_VERSION = 1;
				DYLIB_CURRENT_VERSION = 1;
				DYLIB_INSTALL_NAME_BASE = "@rpath";
				GENERATE_INFOPLIST_FILE = YES;
				INFOPLIST_KEY_NSHumanReadableCopyright = "";
				INSTALL_PATH = "$(LOCAL_LIBRARY_DIR)/Frameworks";
				LD_RUNPATH_SEARCH_PATHS = (
					"$(inherited)",
					"@executable_path/Frameworks",
					"@loader_path/Frameworks",
				);
				MARKETING_VERSION = 1.0;
				PRODUCT_BUNDLE_IDENTIFIER = com.oshima.ryo.DockerView;
				PRODUCT_NAME = "$(TARGET_NAME:c99extidentifier)";
				SKIP_INSTALL = YES;
				SWIFT_EMIT_LOC_STRINGS = YES;
				SWIFT_VERSION = 5.0;
				TARGETED_DEVICE_FAMILY = "1,2";
			};
			name = Release;
		};
		68E4659028788A5B00A45B5F /* Debug */ = {
			isa = XCBuildConfiguration;
			buildSettings = {
				ASSETCATALOG_COMPILER_APPICON_NAME = AppIcon;
				ASSETCATALOG_COMPILER_GLOBAL_ACCENT_COLOR_NAME = AccentColor;
				CODE_SIGN_STYLE = Automatic;
				CURRENT_PROJECT_VERSION = 1;
				DEVELOPMENT_TEAM = D3KCY5L943;
				GENERATE_INFOPLIST_FILE = YES;
				INFOPLIST_FILE = Demo/Info.plist;
				INFOPLIST_KEY_UIApplicationSupportsIndirectInputEvents = YES;
				INFOPLIST_KEY_UILaunchStoryboardName = LaunchScreen;
				INFOPLIST_KEY_UIMainStoryboardFile = Main;
				INFOPLIST_KEY_UISupportedInterfaceOrientations_iPad = "UIInterfaceOrientationPortrait UIInterfaceOrientationPortraitUpsideDown UIInterfaceOrientationLandscapeLeft UIInterfaceOrientationLandscapeRight";
				INFOPLIST_KEY_UISupportedInterfaceOrientations_iPhone = "UIInterfaceOrientationPortrait UIInterfaceOrientationLandscapeLeft UIInterfaceOrientationLandscapeRight";
				LD_RUNPATH_SEARCH_PATHS = (
					"$(inherited)",
					"@executable_path/Frameworks",
				);
				MARKETING_VERSION = 1.0;
				PRODUCT_BUNDLE_IDENTIFIER = com.oshima.ryo.Demo;
				PRODUCT_NAME = "$(TARGET_NAME)";
				SWIFT_EMIT_LOC_STRINGS = YES;
				SWIFT_VERSION = 5.0;
				TARGETED_DEVICE_FAMILY = "1,2";
			};
			name = Debug;
		};
		68E4659128788A5B00A45B5F /* Release */ = {
			isa = XCBuildConfiguration;
			buildSettings = {
				ASSETCATALOG_COMPILER_APPICON_NAME = AppIcon;
				ASSETCATALOG_COMPILER_GLOBAL_ACCENT_COLOR_NAME = AccentColor;
				CODE_SIGN_STYLE = Automatic;
				CURRENT_PROJECT_VERSION = 1;
				DEVELOPMENT_TEAM = D3KCY5L943;
				GENERATE_INFOPLIST_FILE = YES;
				INFOPLIST_FILE = Demo/Info.plist;
				INFOPLIST_KEY_UIApplicationSupportsIndirectInputEvents = YES;
				INFOPLIST_KEY_UILaunchStoryboardName = LaunchScreen;
				INFOPLIST_KEY_UIMainStoryboardFile = Main;
				INFOPLIST_KEY_UISupportedInterfaceOrientations_iPad = "UIInterfaceOrientationPortrait UIInterfaceOrientationPortraitUpsideDown UIInterfaceOrientationLandscapeLeft UIInterfaceOrientationLandscapeRight";
				INFOPLIST_KEY_UISupportedInterfaceOrientations_iPhone = "UIInterfaceOrientationPortrait UIInterfaceOrientationLandscapeLeft UIInterfaceOrientationLandscapeRight";
				LD_RUNPATH_SEARCH_PATHS = (
					"$(inherited)",
					"@executable_path/Frameworks",
				);
				MARKETING_VERSION = 1.0;
				PRODUCT_BUNDLE_IDENTIFIER = com.oshima.ryo.Demo;
				PRODUCT_NAME = "$(TARGET_NAME)";
				SWIFT_EMIT_LOC_STRINGS = YES;
				SWIFT_VERSION = 5.0;
				TARGETED_DEVICE_FAMILY = "1,2";
			};
			name = Release;
		};
		68E4659328788A5B00A45B5F /* Debug */ = {
			isa = XCBuildConfiguration;
			buildSettings = {
				ALWAYS_EMBED_SWIFT_STANDARD_LIBRARIES = YES;
				BUNDLE_LOADER = "$(TEST_HOST)";
				CODE_SIGN_STYLE = Automatic;
				CURRENT_PROJECT_VERSION = 1;
				DEVELOPMENT_TEAM = D3KCY5L943;
				GENERATE_INFOPLIST_FILE = YES;
				IPHONEOS_DEPLOYMENT_TARGET = 15.4;
				MARKETING_VERSION = 1.0;
				PRODUCT_BUNDLE_IDENTIFIER = com.oshima.ryo.DemoTests;
				PRODUCT_NAME = "$(TARGET_NAME)";
				SWIFT_EMIT_LOC_STRINGS = NO;
				SWIFT_VERSION = 5.0;
				TARGETED_DEVICE_FAMILY = "1,2";
				TEST_HOST = "$(BUILT_PRODUCTS_DIR)/Demo.app/Demo";
			};
			name = Debug;
		};
		68E4659428788A5B00A45B5F /* Release */ = {
			isa = XCBuildConfiguration;
			buildSettings = {
				ALWAYS_EMBED_SWIFT_STANDARD_LIBRARIES = YES;
				BUNDLE_LOADER = "$(TEST_HOST)";
				CODE_SIGN_STYLE = Automatic;
				CURRENT_PROJECT_VERSION = 1;
				DEVELOPMENT_TEAM = D3KCY5L943;
				GENERATE_INFOPLIST_FILE = YES;
				IPHONEOS_DEPLOYMENT_TARGET = 15.4;
				MARKETING_VERSION = 1.0;
				PRODUCT_BUNDLE_IDENTIFIER = com.oshima.ryo.DemoTests;
				PRODUCT_NAME = "$(TARGET_NAME)";
				SWIFT_EMIT_LOC_STRINGS = NO;
				SWIFT_VERSION = 5.0;
				TARGETED_DEVICE_FAMILY = "1,2";
				TEST_HOST = "$(BUILT_PRODUCTS_DIR)/Demo.app/Demo";
			};
			name = Release;
		};
		68E4659628788A5B00A45B5F /* Debug */ = {
			isa = XCBuildConfiguration;
			buildSettings = {
				ALWAYS_EMBED_SWIFT_STANDARD_LIBRARIES = YES;
				CODE_SIGN_STYLE = Automatic;
				CURRENT_PROJECT_VERSION = 1;
				DEVELOPMENT_TEAM = D3KCY5L943;
				GENERATE_INFOPLIST_FILE = YES;
				MARKETING_VERSION = 1.0;
				PRODUCT_BUNDLE_IDENTIFIER = com.oshima.ryo.DemoUITests;
				PRODUCT_NAME = "$(TARGET_NAME)";
				SWIFT_EMIT_LOC_STRINGS = NO;
				SWIFT_VERSION = 5.0;
				TARGETED_DEVICE_FAMILY = "1,2";
				TEST_TARGET_NAME = Demo;
			};
			name = Debug;
		};
		68E4659728788A5B00A45B5F /* Release */ = {
			isa = XCBuildConfiguration;
			buildSettings = {
				ALWAYS_EMBED_SWIFT_STANDARD_LIBRARIES = YES;
				CODE_SIGN_STYLE = Automatic;
				CURRENT_PROJECT_VERSION = 1;
				DEVELOPMENT_TEAM = D3KCY5L943;
				GENERATE_INFOPLIST_FILE = YES;
				MARKETING_VERSION = 1.0;
				PRODUCT_BUNDLE_IDENTIFIER = com.oshima.ryo.DemoUITests;
				PRODUCT_NAME = "$(TARGET_NAME)";
				SWIFT_EMIT_LOC_STRINGS = NO;
				SWIFT_VERSION = 5.0;
				TARGETED_DEVICE_FAMILY = "1,2";
				TEST_TARGET_NAME = Demo;
			};
			name = Release;
		};
/* End XCBuildConfiguration section */

/* Begin XCConfigurationList section */
		68E46550287889DA00A45B5F /* Build configuration list for PBXProject "DockerView" */ = {
			isa = XCConfigurationList;
			buildConfigurations = (
				68E4655D287889DA00A45B5F /* Debug */,
				68E4655E287889DA00A45B5F /* Release */,
			);
			defaultConfigurationIsVisible = 0;
			defaultConfigurationName = Release;
		};
		68E4655F287889DA00A45B5F /* Build configuration list for PBXNativeTarget "DockerView" */ = {
			isa = XCConfigurationList;
			buildConfigurations = (
				68E46560287889DA00A45B5F /* Debug */,
				68E46561287889DA00A45B5F /* Release */,
			);
			defaultConfigurationIsVisible = 0;
			defaultConfigurationName = Release;
		};
		68E4658F28788A5B00A45B5F /* Build configuration list for PBXNativeTarget "Demo" */ = {
			isa = XCConfigurationList;
			buildConfigurations = (
				68E4659028788A5B00A45B5F /* Debug */,
				68E4659128788A5B00A45B5F /* Release */,
			);
			defaultConfigurationIsVisible = 0;
			defaultConfigurationName = Release;
		};
		68E4659228788A5B00A45B5F /* Build configuration list for PBXNativeTarget "DemoTests" */ = {
			isa = XCConfigurationList;
			buildConfigurations = (
				68E4659328788A5B00A45B5F /* Debug */,
				68E4659428788A5B00A45B5F /* Release */,
			);
			defaultConfigurationIsVisible = 0;
			defaultConfigurationName = Release;
		};
		68E4659528788A5B00A45B5F /* Build configuration list for PBXNativeTarget "DemoUITests" */ = {
			isa = XCConfigurationList;
			buildConfigurations = (
				68E4659628788A5B00A45B5F /* Debug */,
				68E4659728788A5B00A45B5F /* Release */,
			);
			defaultConfigurationIsVisible = 0;
			defaultConfigurationName = Release;
		};
/* End XCConfigurationList section */
	};
	rootObject = 68E4654D287889DA00A45B5F /* Project object */;
}
